
Microsoft Visual Studio Solution File, Format Version 12.00
# Visual Studio Version 17
VisualStudioVersion = 17.14.36203.30 d17.14
MinimumVisualStudioVersion = 10.0.40219.1
Project("{FAE04EC0-301F-11D3-BF4B-00C04F79EFBC}") = "ServiceCenterOnline", "ServiceCenterOnline\ServiceCenterOnline.csproj", "{BFE00F80-0503-4BCF-BECD-140616131DB1}"
EndProject
Global
	GlobalSection(SolutionConfigurationPlatforms) = preSolution
		Debug|Any CPU = Debug|Any CPU
		Release|Any CPU = Release|Any CPU
	EndGlobalSection
	GlobalSection(ProjectConfigurationPlatforms) = postSolution
		{BFE00F80-0503-4BCF-BECD-140616131DB1}.Debug|Any CPU.ActiveCfg = Debug|Any CPU
		{BFE00F80-0503-4BCF-BECD-140616131DB1}.Debug|Any CPU.Build.0 = Debug|Any CPU
		{BFE00F80-0503-4BCF-BECD-140616131DB1}.Release|Any CPU.ActiveCfg = Release|Any CPU
		{BFE00F80-0503-4BCF-BECD-140616131DB1}.Release|Any CPU.Build.0 = Release|Any CPU
	EndGlobalSection
	GlobalSection(SolutionProperties) = preSolution
		HideSolutionNode = FALSE
	EndGlobalSection
	GlobalSection(ExtensibilityGlobals) = postSolution
		SolutionGuid = {F682CF39-53A8-428D-A187-A9D27CF9B1C0}
	EndGlobalSection
EndGlobal
